
Microsoft Visual Studio Solution File, Format Version 12.00
# Visual Studio Version 16
VisualStudioVersion = 16.0.29509.3
MinimumVisualStudioVersion = 10.0.40219.1
Project("{FAE04EC0-301F-11D3-BF4B-00C04F79EFBC}") = "Lines", "Lines\Lines.csproj", "{60A0A2C2-16EE-4832-AFAD-4DC21EBE40F3}"
EndProject
Global
	GlobalSection(SolutionConfigurationPlatforms) = preSolution
		Debug|Any CPU = Debug|Any CPU
		Release|Any CPU = Release|Any CPU
	EndGlobalSection
	GlobalSection(ProjectConfigurationPlatforms) = postSolution
		{60A0A2C2-16EE-4832-AFAD-4DC21EBE40F3}.Debug|Any CPU.ActiveCfg = Debug|Any CPU
		{60A0A2C2-16EE-4832-AFAD-4DC21EBE40F3}.Debug|Any CPU.Build.0 = Debug|Any CPU
		{60A0A2C2-16EE-4832-AFAD-4DC21EBE40F3}.Release|Any CPU.ActiveCfg = Release|Any CPU
		{60A0A2C2-16EE-4832-AFAD-4DC21EBE40F3}.Release|Any CPU.Build.0 = Release|Any CPU
	EndGlobalSection
	GlobalSection(SolutionProperties) = preSolution
		HideSolutionNode = FALSE
	EndGlobalSection
	GlobalSection(ExtensibilityGlobals) = postSolution
		SolutionGuid = {050AD9FA-7F1E-4597-BA5D-031CA303F0E0}
	EndGlobalSection
EndGlobal
